
Microsoft Visual Studio Solution File, Format Version 12.00
# Visual Studio Version 17
VisualStudioVersion = 17.11.35431.28
MinimumVisualStudioVersion = 10.0.40219.1
Project("{FAE04EC0-301F-11D3-BF4B-00C04F79EFBC}") = "Orders.Backend", "Orders.Backend\Orders.Backend.csproj", "{3E099CC2-4ED0-4C2B-8101-BF67A3652112}"
EndProject
Project("{FAE04EC0-301F-11D3-BF4B-00C04F79EFBC}") = "Orders.Frontend", "Orders.Frontend\Orders.Frontend.csproj", "{E4B7FBE7-E2F2-4E89-967C-3B2D1596FAC8}"
EndProject
Project("{FAE04EC0-301F-11D3-BF4B-00C04F79EFBC}") = "Orders.Shared", "Orders.Shared\Orders.Shared.csproj", "{3C2C1239-D717-46F2-AA81-890F165BFFCD}"
EndProject
Global
	GlobalSection(SolutionConfigurationPlatforms) = preSolution
		Debug|Any CPU = Debug|Any CPU
		Release|Any CPU = Release|Any CPU
	EndGlobalSection
	GlobalSection(ProjectConfigurationPlatforms) = postSolution
		{3E099CC2-4ED0-4C2B-8101-BF67A3652112}.Debug|Any CPU.ActiveCfg = Debug|Any CPU
		{3E099CC2-4ED0-4C2B-8101-BF67A3652112}.Debug|Any CPU.Build.0 = Debug|Any CPU
		{3E099CC2-4ED0-4C2B-8101-BF67A3652112}.Release|Any CPU.ActiveCfg = Release|Any CPU
		{3E099CC2-4ED0-4C2B-8101-BF67A3652112}.Release|Any CPU.Build.0 = Release|Any CPU
		{E4B7FBE7-E2F2-4E89-967C-3B2D1596FAC8}.Debug|Any CPU.ActiveCfg = Debug|Any CPU
		{E4B7FBE7-E2F2-4E89-967C-3B2D1596FAC8}.Debug|Any CPU.Build.0 = Debug|Any CPU
		{E4B7FBE7-E2F2-4E89-967C-3B2D1596FAC8}.Release|Any CPU.ActiveCfg = Release|Any CPU
		{E4B7FBE7-E2F2-4E89-967C-3B2D1596FAC8}.Release|Any CPU.Build.0 = Release|Any CPU
		{3C2C1239-D717-46F2-AA81-890F165BFFCD}.Debug|Any CPU.ActiveCfg = Debug|Any CPU
		{3C2C1239-D717-46F2-AA81-890F165BFFCD}.Debug|Any CPU.Build.0 = Debug|Any CPU
		{3C2C1239-D717-46F2-AA81-890F165BFFCD}.Release|Any CPU.ActiveCfg = Release|Any CPU
		{3C2C1239-D717-46F2-AA81-890F165BFFCD}.Release|Any CPU.Build.0 = Release|Any CPU
	EndGlobalSection
	GlobalSection(SolutionProperties) = preSolution
		HideSolutionNode = FALSE
	EndGlobalSection
	GlobalSection(ExtensibilityGlobals) = postSolution
		SolutionGuid = {8C4ADD3B-181A-4686-B9A4-952C740B3BBA}
	EndGlobalSection
EndGlobal
